Microsoft Visual Studio Solution File, Format Version 12.00
# Visual Studio Version 17
VisualStudioVersion = 17.5.2.0
MinimumVisualStudioVersion = 10.0.40219.1
Project("{FAE04EC0-301F-11D3-BF4B-00C04F79EFBC}") = "transconnect", "transconnect.csproj", "{915EAFEC-23E1-9E13-0A2B-3D548FFD8610}"
EndProject
Global
	GlobalSection(SolutionConfigurationPlatforms) = preSolution
		Debug|Any CPU = Debug|Any CPU
		Release|Any CPU = Release|Any CPU
	EndGlobalSection
	GlobalSection(ProjectConfigurationPlatforms) = postSolution
		{915EAFEC-23E1-9E13-0A2B-3D548FFD8610}.Debug|Any CPU.ActiveCfg = Debug|Any CPU
		{915EAFEC-23E1-9E13-0A2B-3D548FFD8610}.Debug|Any CPU.Build.0 = Debug|Any CPU
		{915EAFEC-23E1-9E13-0A2B-3D548FFD8610}.Release|Any CPU.ActiveCfg = Release|Any CPU
		{915EAFEC-23E1-9E13-0A2B-3D548FFD8610}.Release|Any CPU.Build.0 = Release|Any CPU
	EndGlobalSection
	GlobalSection(SolutionProperties) = preSolution
		HideSolutionNode = FALSE
	EndGlobalSection
	GlobalSection(ExtensibilityGlobals) = postSolution
		SolutionGuid = {EC91F312-C90D-43E6-B418-7450D86E790A}
	EndGlobalSection
EndGlobal
